// !$*UTF8*$!
{
	archiveVersion = 1;
	classes = {
	};
	objectVersion = 48;
	objects = {

/* Begin PBXBuildFile section */
		F42DC90A20038ADF00A48363 /* BRSLabel.swift in Sources */ = {isa = PBXBuildFile; fileRef = F42DC90920038ADF00A48363 /* BRSLabel.swift */; };
		F42DC90C20038AFE00A48363 /* BRSTextField.swift in Sources */ = {isa = PBXBuildFile; fileRef = F42DC90B20038AFE00A48363 /* BRSTextField.swift */; };
		F42DC90E20038B1600A48363 /* BRSView.swift in Sources */ = {isa = PBXBuildFile; fileRef = F42DC90D20038B1600A48363 /* BRSView.swift */; };
		F44DE7D12003485E00E985F6 /* AppDelegate.swift in Sources */ = {isa = PBXBuildFile; fileRef = F44DE7D02003485E00E985F6 /* AppDelegate.swift */; };
		F44DE7D32003485E00E985F6 /* ViewController.swift in Sources */ = {isa = PBXBuildFile; fileRef = F44DE7D22003485E00E985F6 /* ViewController.swift */; };
		F44DE7D62003485E00E985F6 /* Main.storyboard in Resources */ = {isa = PBXBuildFile; fileRef = F44DE7D42003485E00E985F6 /* Main.storyboard */; };
		F44DE7D82003485E00E985F6 /* Assets.xcassets in Resources */ = {isa = PBXBuildFile; fileRef = F44DE7D72003485E00E985F6 /* Assets.xcassets */; };
		F44DE7DB2003485E00E985F6 /* LaunchScreen.storyboard in Resources */ = {isa = PBXBuildFile; fileRef = F44DE7D92003485E00E985F6 /* LaunchScreen.storyboard */; };
		F44DE7E4200348DF00E985F6 /* BRSActivityIndicator.swift in Sources */ = {isa = PBXBuildFile; fileRef = F44DE7E3200348DF00E985F6 /* BRSActivityIndicator.swift */; };
/* End PBXBuildFile section */

/* Begin PBXFileReference section */
		F42DC90920038ADF00A48363 /* BRSLabel.swift */ = {isa = PBXFileReference; lastKnownFileType = sourcecode.swift; path = BRSLabel.swift; sourceTree = "<group>"; };
		F42DC90B20038AFE00A48363 /* BRSTextField.swift */ = {isa = PBXFileReference; lastKnownFileType = sourcecode.swift; path = BRSTextField.swift; sourceTree = "<group>"; };
		F42DC90D20038B1600A48363 /* BRSView.swift */ = {isa = PBXFileReference; lastKnownFileType = sourcecode.swift; path = BRSView.swift; sourceTree = "<group>"; };
		F44DE7CD2003485E00E985F6 /* BRSAddOnsExample.app */ = {isa = PBXFileReference; explicitFileType = wrapper.application; includeInIndex = 0; path = BRSAddOnsExample.app; sourceTree = BUILT_PRODUCTS_DIR; };
		F44DE7D02003485E00E985F6 /* AppDelegate.swift */ = {isa = PBXFileReference; lastKnownFileType = sourcecode.swift; path = AppDelegate.swift; sourceTree = "<group>"; };
		F44DE7D22003485E00E985F6 /* ViewController.swift */ = {isa = PBXFileReference; lastKnownFileType = sourcecode.swift; path = ViewController.swift; sourceTree = "<group>"; };
		F44DE7D52003485E00E985F6 /* Base */ = {isa = PBXFileReference; lastKnownFileType = file.storyboard; name = Base; path = Base.lproj/Main.storyboard; sourceTree = "<group>"; };
		F44DE7D72003485E00E985F6 /* Assets.xcassets */ = {isa = PBXFileReference; lastKnownFileType = folder.assetcatalog; path = Assets.xcassets; sourceTree = "<group>"; };
		F44DE7DA2003485E00E985F6 /* Base */ = {isa = PBXFileReference; lastKnownFileType = file.storyboard; name = Base; path = Base.lproj/LaunchScreen.storyboard; sourceTree = "<group>"; };
		F44DE7DC2003485E00E985F6 /* Info.plist */ = {isa = PBXFileReference; lastKnownFileType = text.plist.xml; path = Info.plist; sourceTree = "<group>"; };
		F44DE7E3200348DF00E985F6 /* BRSActivityIndicator.swift */ = {isa = PBXFileReference; lastKnownFileType = sourcecode.swift; path = BRSActivityIndicator.swift; sourceTree = "<group>"; };
/* End PBXFileReference section */

/* Begin PBXFrameworksBuildPhase section */
		F44DE7CA2003485E00E985F6 /* Frameworks */ = {
			isa = PBXFrameworksBuildPhase;
			buildActionMask = 2147483647;
			files = (
			);
			runOnlyForDeploymentPostprocessing = 0;
		};
/* End PBXFrameworksBuildPhase section */

/* Begin PBXGroup section */
		F44DE7C42003485E00E985F6 = {
			isa = PBXGroup;
			children = (
				F44DE7CF2003485E00E985F6 /* BRSAddOnsExample */,
				F44DE7CE2003485E00E985F6 /* Products */,
			);
			sourceTree = "<group>";
		};
		F44DE7CE2003485E00E985F6 /* Products */ = {
			isa = PBXGroup;
			children = (
				F44DE7CD2003485E00E985F6 /* BRSAddOnsExample.app */,
			);
			name = Products;
			sourceTree = "<group>";
		};
		F44DE7CF2003485E00E985F6 /* BRSAddOnsExample */ = {
			isa = PBXGroup;
			children = (
				F44DE7E2200348A700E985F6 /* BRSAddOns */,
				F44DE7D02003485E00E985F6 /* AppDelegate.swift */,
				F44DE7D22003485E00E985F6 /* ViewController.swift */,
				F44DE7D42003485E00E985F6 /* Main.storyboard */,
				F44DE7D72003485E00E985F6 /* Assets.xcassets */,
				F44DE7D92003485E00E985F6 /* LaunchScreen.storyboard */,
				F44DE7DC2003485E00E985F6 /* Info.plist */,
			);
			path = BRSAddOnsExample;
			sourceTree = "<group>";
		};
		F44DE7E2200348A700E985F6 /* BRSAddOns */ = {
			isa = PBXGroup;
			children = (
				F44DE7E3200348DF00E985F6 /* BRSActivityIndicator.swift */,
				F42DC90920038ADF00A48363 /* BRSLabel.swift */,
				F42DC90B20038AFE00A48363 /* BRSTextField.swift */,
				F42DC90D20038B1600A48363 /* BRSView.swift */,
			);
			path = BRSAddOns;
			sourceTree = "<group>";
		};
/* End PBXGroup section */

/* Begin PBXNativeTarget section */
		F44DE7CC2003485E00E985F6 /* BRSAddOnsExample */ = {
			isa = PBXNativeTarget;
			buildConfigurationList = F44DE7DF2003485E00E985F6 /* Build configuration list for PBXNativeTarget "BRSAddOnsExample" */;
			buildPhases = (
				F44DE7C92003485E00E985F6 /* Sources */,
				F44DE7CA2003485E00E985F6 /* Frameworks */,
				F44DE7CB2003485E00E985F6 /* Resources */,
			);
			buildRules = (
			);
			dependencies = (
			);
			name = BRSAddOnsExample;
			productName = BRSAddOnsExample;
			productReference = F44DE7CD2003485E00E985F6 /* BRSAddOnsExample.app */;
			productType = "com.apple.product-type.application";
		};
/* End PBXNativeTarget section */

/* Begin PBXProject section */
		F44DE7C52003485E00E985F6 /* Project object */ = {
			isa = PBXProject;
			attributes = {
				LastSwiftUpdateCheck = 0900;
				LastUpgradeCheck = 0900;
				ORGANIZATIONNAME = Bindu;
				TargetAttributes = {
					F44DE7CC2003485E00E985F6 = {
						CreatedOnToolsVersion = 9.0;
						ProvisioningStyle = Automatic;
					};
				};
			};
			buildConfigurationList = F44DE7C82003485E00E985F6 /* Build configuration list for PBXProject "BRSAddOnsExample" */;
			compatibilityVersion = "Xcode 8.0";
			developmentRegion = en;
			hasScannedForEncodings = 0;
			knownRegions = (
				en,
				Base,
			);
			mainGroup = F44DE7C42003485E00E985F6;
			productRefGroup = F44DE7CE2003485E00E985F6 /* Products */;
			projectDirPath = "";
			projectRoot = "";
			targets = (
				F44DE7CC2003485E00E985F6 /* BRSAddOnsExample */,
			);
		};
/* End PBXProject section */

/* Begin PBXResourcesBuildPhase section */
		F44DE7CB2003485E00E985F6 /* Resources */ = {
			isa = PBXResourcesBuildPhase;
			buildActionMask = 2147483647;
			files = (
				F44DE7DB2003485E00E985F6 /* LaunchScreen.storyboard in Resources */,
				F44DE7D82003485E00E985F6 /* Assets.xcassets in Resources */,
				F44DE7D62003485E00E985F6 /* Main.storyboard in Resources */,
			);
			runOnlyForDeploymentPostprocessing = 0;
		};
/* End PBXResourcesBuildPhase section */

/* Begin PBXSourcesBuildPhase section */
		F44DE7C92003485E00E985F6 /* Sources */ = {
			isa = PBXSourcesBuildPhase;
			buildActionMask = 2147483647;
			files = (
				F42DC90E20038B1600A48363 /* BRSView.swift in Sources */,
				F42DC90A20038ADF00A48363 /* BRSLabel.swift in Sources */,
				F42DC90C20038AFE00A48363 /* BRSTextField.swift in Sources */,
				F44DE7D32003485E00E985F6 /* ViewController.swift in Sources */,
				F44DE7E4200348DF00E985F6 /* BRSActivityIndicator.swift in Sources */,
				F44DE7D12003485E00E985F6 /* AppDelegate.swift in Sources */,
			);
			runOnlyForDeploymentPostprocessing = 0;
		};
/* End PBXSourcesBuildPhase section */

/* Begin PBXVariantGroup section */
		F44DE7D42003485E00E985F6 /* Main.storyboard */ = {
			isa = PBXVariantGroup;
			children = (
				F44DE7D52003485E00E985F6 /* Base */,
			);
			name = Main.storyboard;
			sourceTree = "<group>";
		};
		F44DE7D92003485E00E985F6 /* LaunchScreen.storyboard */ = {
			isa = PBXVariantGroup;
			children = (
				F44DE7DA2003485E00E985F6 /* Base */,
			);
			name = LaunchScreen.storyboard;
			sourceTree = "<group>";
		};
/* End PBXVariantGroup section */

/* Begin XCBuildConfiguration section */
		F44DE7DD2003485E00E985F6 /* Debug */ = {
			isa = XCBuildConfiguration;
			buildSettings = {
				ALWAYS_SEARCH_USER_PATHS = NO;
				CLANG_ANALYZER_NONNULL = YES;
				CLANG_ANALYZER_NUMBER_OBJECT_CONVERSION = YES_AGGRESSIVE;
				CLANG_CXX_LANGUAGE_STANDARD = "gnu++14";
				CLANG_CXX_LIBRARY = "libc++";
				CLANG_ENABLE_MODULES = YES;
				CLANG_ENABLE_OBJC_ARC = YES;
				CLANG_WARN_BLOCK_CAPTURE_AUTORELEASING = YES;
				CLANG_WARN_BOOL_CONVERSION = YES;
				CLANG_WARN_COMMA = YES;
				CLANG_WARN_CONSTANT_CONVERSION = YES;
				CLANG_WARN_DIRECT_OBJC_ISA_USAGE = YES_ERROR;
				CLANG_WARN_DOCUMENTATION_COMMENTS = YES;
				CLANG_WARN_EMPTY_BODY = YES;
				CLANG_WARN_ENUM_CONVERSION = YES;
				CLANG_WARN_INFINITE_RECURSION = YES;
				CLANG_WARN_INT_CONVERSION = YES;
				CLANG_WARN_NON_LITERAL_NULL_CONVERSION = YES;
				CLANG_WARN_OBJC_LITERAL_CONVERSION = YES;
				CLANG_WARN_OBJC_ROOT_CLASS = YES_ERROR;
				CLANG_WARN_RANGE_LOOP_ANALYSIS = YES;
				CLANG_WARN_STRICT_PROTOTYPES = YES;
				CLANG_WARN_SUSPICIOUS_MOVE = YES;
				CLANG_WARN_UNGUARDED_AVAILABILITY = YES_AGGRESSIVE;
				CLANG_WARN_UNREACHABLE_CODE = YES;
				CLANG_WARN__DUPLICATE_METHOD_MATCH = YES;
				CODE_SIGN_IDENTITY = "iPhone Developer";
				COPY_PHASE_STRIP = NO;
				DEBUG_INFORMATION_FORMAT = dwarf;
				ENABLE_STRICT_OBJC_MSGSEND = YES;
				ENABLE_TESTABILITY = YES;
				GCC_C_LANGUAGE_STANDARD = gnu11;
				GCC_DYNAMIC_NO_PIC = NO;
				GCC_NO_COMMON_BLOCKS = YES;
				GCC_OPTIMIZATION_LEVEL = 0;
				GCC_PREPROCESSOR_DEFINITIONS = (
					"DEBUG=1",
					"$(inherited)",
				);
				GCC_WARN_64_TO_32_BIT_CONVERSION = YES;
				GCC_WARN_ABOUT_RETURN_TYPE = YES_ERROR;
				GCC_WARN_UNDECLARED_SELECTOR = YES;
				GCC_WARN_UNINITIALIZED_AUTOS = YES_AGGRESSIVE;
				GCC_WARN_UNUSED_FUNCTION = YES;
				GCC_WARN_UNUSED_VARIABLE = YES;
				IPHONEOS_DEPLOYMENT_TARGET = 11.0;
				MTL_ENABLE_DEBUG_INFO = YES;
				ONLY_ACTIVE_ARCH = YES;
				SDKROOT = iphoneos;
				SWIFT_ACTIVE_COMPILATION_CONDITIONS = DEBUG;
				SWIFT_OPTIMIZATION_LEVEL = "-Onone";
			};
			name = Debug;
		};
		F44DE7DE2003485E00E985F6 /* Release */ = {
			isa = XCBuildConfiguration;
			buildSettings = {
				ALWAYS_SEARCH_USER_PATHS = NO;
				CLANG_ANALYZER_NONNULL = YES;
				CLANG_ANALYZER_NUMBER_OBJECT_CONVERSION = YES_AGGRESSIVE;
				CLANG_CXX_LANGUAGE_STANDARD = "gnu++14";
				CLANG_CXX_LIBRARY = "libc++";
				CLANG_ENABLE_MODULES = YES;
				CLANG_ENABLE_OBJC_ARC = YES;
				CLANG_WARN_BLOCK_CAPTURE_AUTORELEASING = YES;
				CLANG_WARN_BOOL_CONVERSION = YES;
				CLANG_WARN_COMMA = YES;
				CLANG_WARN_CONSTANT_CONVERSION = YES;
				CLANG_WARN_DIRECT_OBJC_ISA_USAGE = YES_ERROR;
				CLANG_WARN_DOCUMENTATION_COMMENTS = YES;
				CLANG_WARN_EMPTY_BODY = YES;
				CLANG_WARN_ENUM_CONVERSION = YES;
				CLANG_WARN_INFINITE_RECURSION = YES;
				CLANG_WARN_INT_CONVERSION = YES;
				CLANG_WARN_NON_LITERAL_NULL_CONVERSION = YES;
				CLANG_WARN_OBJC_LITERAL_CONVERSION = YES;
				CLANG_WARN_OBJC_ROOT_CLASS = YES_ERROR;
				CLANG_WARN_RANGE_LOOP_ANALYSIS = YES;
				CLANG_WARN_STRICT_PROTOTYPES = YES;
				CLANG_WARN_SUSPICIOUS_MOVE = YES;
				CLANG_WARN_UNGUARDED_AVAILABILITY = YES_AGGRESSIVE;
				CLANG_WARN_UNREACHABLE_CODE = YES;
				CLANG_WARN__DUPLICATE_METHOD_MATCH = YES;
				CODE_SIGN_IDENTITY = "iPhone Developer";
				COPY_PHASE_STRIP = NO;
				DEBUG_INFORMATION_FORMAT = "dwarf-with-dsym";
				ENABLE_NS_ASSERTIONS = NO;
				ENABLE_STRICT_OBJC_MSGSEND = YES;
				GCC_C_LANGUAGE_STANDARD = gnu11;
				GCC_NO_COMMON_BLOCKS = YES;
				GCC_WARN_64_TO_32_BIT_CONVERSION = YES;
				GCC_WARN_ABOUT_RETURN_TYPE = YES_ERROR;
				GCC_WARN_UNDECLARED_SELECTOR = YES;
				GCC_WARN_UNINITIALIZED_AUTOS = YES_AGGRESSIVE;
				GCC_WARN_UNUSED_FUNCTION = YES;
				GCC_WARN_UNUSED_VARIABLE = YES;
				IPHONEOS_DEPLOYMENT_TARGET = 11.0;
				MTL_ENABLE_DEBUG_INFO = NO;
				SDKROOT = iphoneos;
				SWIFT_OPTIMIZATION_LEVEL = "-Owholemodule";
				VALIDATE_PRODUCT = YES;
			};
			name = Release;
		};
		F44DE7E02003485E00E985F6 /* Debug */ = {
			isa = XCBuildConfiguration;
			buildSettings = {
				ASSETCATALOG_COMPILER_APPICON_NAME = AppIcon;
				CODE_SIGN_STYLE = Automatic;
				DEVELOPMENT_TEAM = 5DM37TEFRF;
				INFOPLIST_FILE = BRSAddOnsExample/Info.plist;
				LD_RUNPATH_SEARCH_PATHS = "$(inherited) @executable_path/Frameworks";
				PRODUCT_BUNDLE_IDENTIFIER = com.xminds.BRSAddOnsExample;
				PRODUCT_NAME = "$(TARGET_NAME)";
				SWIFT_VERSION = 4.0;
				TARGETED_DEVICE_FAMILY = "1,2";
			};
			name = Debug;
		};
		F44DE7E12003485E00E985F6 /* Release */ = {
			isa = XCBuildConfiguration;
			buildSettings = {
				ASSETCATALOG_COMPILER_APPICON_NAME = AppIcon;
				CODE_SIGN_STYLE = Automatic;
				DEVELOPMENT_TEAM = 5DM37TEFRF;
				INFOPLIST_FILE = BRSAddOnsExample/Info.plist;
				LD_RUNPATH_SEARCH_PATHS = "$(inherited) @executable_path/Frameworks";
				PRODUCT_BUNDLE_IDENTIFIER = com.xminds.BRSAddOnsExample;
				PRODUCT_NAME = "$(TARGET_NAME)";
				SWIFT_VERSION = 4.0;
				TARGETED_DEVICE_FAMILY = "1,2";
			};
			name = Release;
		};
/* End XCBuildConfiguration section */

/* Begin XCConfigurationList section */
		F44DE7C82003485E00E985F6 /* Build configuration list for PBXProject "BRSAddOnsExample" */ = {
			isa = XCConfigurationList;
			buildConfigurations = (
				F44DE7DD2003485E00E985F6 /* Debug */,
				F44DE7DE2003485E00E985F6 /* Release */,
			);
			defaultConfigurationIsVisible = 0;
			defaultConfigurationName = Release;
		};
		F44DE7DF2003485E00E985F6 /* Build configuration list for PBXNativeTarget "BRSAddOnsExample" */ = {
			isa = XCConfigurationList;
			buildConfigurations = (
				F44DE7E02003485E00E985F6 /* Debug */,
				F44DE7E12003485E00E985F6 /* Release */,
			);
			defaultConfigurationIsVisible = 0;
			defaultConfigurationName = Release;
		};
/* End XCConfigurationList section */
	};
	rootObject = F44DE7C52003485E00E985F6 /* Project object */;
}
